
Microsoft Visual Studio Solution File, Format Version 12.00
# Visual Studio Version 17
VisualStudioVersion = 17.7.34024.191
MinimumVisualStudioVersion = 10.0.40219.1
Project("{2150E333-8FDC-42A3-9474-1A3956D46DE8}") = "Src", "Src", "{F2DD1CA6-4B30-4B00-87CD-7FB48903D8F2}"
EndProject
Project("{2150E333-8FDC-42A3-9474-1A3956D46DE8}") = "Core", "Core", "{5BFA39FB-C4F2-48E5-BE24-7A7297AC4C46}"
EndProject
Project("{2150E333-8FDC-42A3-9474-1A3956D46DE8}") = "Application", "Application", "{700B159E-F259-4832-9296-F57FC0FBB304}"
EndProject
Project("{2150E333-8FDC-42A3-9474-1A3956D46DE8}") = "Infrastructure", "Infrastructure", "{460DCAA2-84D3-4A8D-8015-691140CA5166}"
EndProject
Project("{FAE04EC0-301F-11D3-BF4B-00C04F79EFBC}") = "Domain", "Domain\Domain.csproj", "{5D7287E1-C3AC-43F5-BFA8-257F51585072}"
EndProject
Project("{FAE04EC0-301F-11D3-BF4B-00C04F79EFBC}") = "Application", "Application\Application.csproj", "{370B850A-758D-4643-9871-F31C116A921F}"
EndProject
Project("{FAE04EC0-301F-11D3-BF4B-00C04F79EFBC}") = "Infrastructure", "Infrastructure\Infrastructure.csproj", "{4352B65F-C0E1-4CA5-A75F-C05B3BE6D58A}"
EndProject
Project("{FAE04EC0-301F-11D3-BF4B-00C04F79EFBC}") = "Persistance", "Persistance\Persistance.csproj", "{1DCF4D84-1672-417D-8AA2-A545A021016B}"
EndProject
Project("{FAE04EC0-301F-11D3-BF4B-00C04F79EFBC}") = "WebApi", "WebApi\WebApi.csproj", "{49133C75-5950-49E4-AB7B-7038BBD27E28}"
EndProject
Global
	GlobalSection(SolutionConfigurationPlatforms) = preSolution
		Debug|Any CPU = Debug|Any CPU
		Release|Any CPU = Release|Any CPU
	EndGlobalSection
	GlobalSection(ProjectConfigurationPlatforms) = postSolution
		{5D7287E1-C3AC-43F5-BFA8-257F51585072}.Debug|Any CPU.ActiveCfg = Debug|Any CPU
		{5D7287E1-C3AC-43F5-BFA8-257F51585072}.Debug|Any CPU.Build.0 = Debug|Any CPU
		{5D7287E1-C3AC-43F5-BFA8-257F51585072}.Release|Any CPU.ActiveCfg = Release|Any CPU
		{5D7287E1-C3AC-43F5-BFA8-257F51585072}.Release|Any CPU.Build.0 = Release|Any CPU
		{370B850A-758D-4643-9871-F31C116A921F}.Debug|Any CPU.ActiveCfg = Debug|Any CPU
		{370B850A-758D-4643-9871-F31C116A921F}.Debug|Any CPU.Build.0 = Debug|Any CPU
		{370B850A-758D-4643-9871-F31C116A921F}.Release|Any CPU.ActiveCfg = Release|Any CPU
		{370B850A-758D-4643-9871-F31C116A921F}.Release|Any CPU.Build.0 = Release|Any CPU
		{4352B65F-C0E1-4CA5-A75F-C05B3BE6D58A}.Debug|Any CPU.ActiveCfg = Debug|Any CPU
		{4352B65F-C0E1-4CA5-A75F-C05B3BE6D58A}.Debug|Any CPU.Build.0 = Debug|Any CPU
		{4352B65F-C0E1-4CA5-A75F-C05B3BE6D58A}.Release|Any CPU.ActiveCfg = Release|Any CPU
		{4352B65F-C0E1-4CA5-A75F-C05B3BE6D58A}.Release|Any CPU.Build.0 = Release|Any CPU
		{1DCF4D84-1672-417D-8AA2-A545A021016B}.Debug|Any CPU.ActiveCfg = Debug|Any CPU
		{1DCF4D84-1672-417D-8AA2-A545A021016B}.Debug|Any CPU.Build.0 = Debug|Any CPU
		{1DCF4D84-1672-417D-8AA2-A545A021016B}.Release|Any CPU.ActiveCfg = Release|Any CPU
		{1DCF4D84-1672-417D-8AA2-A545A021016B}.Release|Any CPU.Build.0 = Release|Any CPU
		{49133C75-5950-49E4-AB7B-7038BBD27E28}.Debug|Any CPU.ActiveCfg = Debug|Any CPU
		{49133C75-5950-49E4-AB7B-7038BBD27E28}.Debug|Any CPU.Build.0 = Debug|Any CPU
		{49133C75-5950-49E4-AB7B-7038BBD27E28}.Release|Any CPU.ActiveCfg = Release|Any CPU
		{49133C75-5950-49E4-AB7B-7038BBD27E28}.Release|Any CPU.Build.0 = Release|Any CPU
	EndGlobalSection
	GlobalSection(SolutionProperties) = preSolution
		HideSolutionNode = FALSE
	EndGlobalSection
	GlobalSection(NestedProjects) = preSolution
		{5BFA39FB-C4F2-48E5-BE24-7A7297AC4C46} = {F2DD1CA6-4B30-4B00-87CD-7FB48903D8F2}
		{700B159E-F259-4832-9296-F57FC0FBB304} = {F2DD1CA6-4B30-4B00-87CD-7FB48903D8F2}
		{460DCAA2-84D3-4A8D-8015-691140CA5166} = {F2DD1CA6-4B30-4B00-87CD-7FB48903D8F2}
		{5D7287E1-C3AC-43F5-BFA8-257F51585072} = {5BFA39FB-C4F2-48E5-BE24-7A7297AC4C46}
		{370B850A-758D-4643-9871-F31C116A921F} = {5BFA39FB-C4F2-48E5-BE24-7A7297AC4C46}
		{4352B65F-C0E1-4CA5-A75F-C05B3BE6D58A} = {460DCAA2-84D3-4A8D-8015-691140CA5166}
		{1DCF4D84-1672-417D-8AA2-A545A021016B} = {460DCAA2-84D3-4A8D-8015-691140CA5166}
		{49133C75-5950-49E4-AB7B-7038BBD27E28} = {700B159E-F259-4832-9296-F57FC0FBB304}
	EndGlobalSection
	GlobalSection(ExtensibilityGlobals) = postSolution
		SolutionGuid = {906C195A-7EE3-442C-B19B-845AC9C9E5C0}
	EndGlobalSection
EndGlobal
